// !$*UTF8*$!
{
	archiveVersion = 1;
	classes = {
	};
	objectVersion = 55;
	objects = {

/* Begin PBXBuildFile section */
		B8BF6EDB27157660004D2091 /* AppDelegate.swift in Sources */ = {isa = PBXBuildFile; fileRef = B8BF6EDA27157660004D2091 /* AppDelegate.swift */; };
		B8BF6EDD27157660004D2091 /* SceneDelegate.swift in Sources */ = {isa = PBXBuildFile; fileRef = B8BF6EDC27157660004D2091 /* SceneDelegate.swift */; };
		B8BF6EDF27157660004D2091 /* StoreTableViewController.swift in Sources */ = {isa = PBXBuildFile; fileRef = B8BF6EDE27157660004D2091 /* StoreTableViewController.swift */; };
		B8BF6EE227157660004D2091 /* Main.storyboard in Resources */ = {isa = PBXBuildFile; fileRef = B8BF6EE027157660004D2091 /* Main.storyboard */; };
		B8BF6EE427157671004D2091 /* Assets.xcassets in Resources */ = {isa = PBXBuildFile; fileRef = B8BF6EE327157671004D2091 /* Assets.xcassets */; };
		B8BF6EE727157671004D2091 /* LaunchScreen.storyboard in Resources */ = {isa = PBXBuildFile; fileRef = B8BF6EE527157671004D2091 /* LaunchScreen.storyboard */; };
		B8BF6EEF271577AD004D2091 /* StoreTableViewCell.swift in Sources */ = {isa = PBXBuildFile; fileRef = B8BF6EEE271577AD004D2091 /* StoreTableViewCell.swift */; };
		B8BF6EF327157CFB004D2091 /* StoreResult.swift in Sources */ = {isa = PBXBuildFile; fileRef = B8BF6EF227157CFB004D2091 /* StoreResult.swift */; };
/* End PBXBuildFile section */

/* Begin PBXFileReference section */
		B8BF6ED727157660004D2091 /* 2.1 kako treba.app */ = {isa = PBXFileReference; explicitFileType = wrapper.application; includeInIndex = 0; path = "2.1 kako treba.app"; sourceTree = BUILT_PRODUCTS_DIR; };
		B8BF6EDA27157660004D2091 /* AppDelegate.swift */ = {isa = PBXFileReference; lastKnownFileType = sourcecode.swift; path = AppDelegate.swift; sourceTree = "<group>"; };
		B8BF6EDC27157660004D2091 /* SceneDelegate.swift */ = {isa = PBXFileReference; lastKnownFileType = sourcecode.swift; path = SceneDelegate.swift; sourceTree = "<group>"; };
		B8BF6EDE27157660004D2091 /* StoreTableViewController.swift */ = {isa = PBXFileReference; lastKnownFileType = sourcecode.swift; path = StoreTableViewController.swift; sourceTree = "<group>"; };
		B8BF6EE127157660004D2091 /* Base */ = {isa = PBXFileReference; lastKnownFileType = file.storyboard; name = Base; path = Base.lproj/Main.storyboard; sourceTree = "<group>"; };
		B8BF6EE327157671004D2091 /* Assets.xcassets */ = {isa = PBXFileReference; lastKnownFileType = folder.assetcatalog; path = Assets.xcassets; sourceTree = "<group>"; };
		B8BF6EE627157671004D2091 /* Base */ = {isa = PBXFileReference; lastKnownFileType = file.storyboard; name = Base; path = Base.lproj/LaunchScreen.storyboard; sourceTree = "<group>"; };
		B8BF6EE827157671004D2091 /* Info.plist */ = {isa = PBXFileReference; lastKnownFileType = text.plist.xml; path = Info.plist; sourceTree = "<group>"; };
		B8BF6EEE271577AD004D2091 /* StoreTableViewCell.swift */ = {isa = PBXFileReference; lastKnownFileType = sourcecode.swift; path = StoreTableViewCell.swift; sourceTree = "<group>"; };
		B8BF6EF227157CFB004D2091 /* StoreResult.swift */ = {isa = PBXFileReference; lastKnownFileType = sourcecode.swift; path = StoreResult.swift; sourceTree = "<group>"; };
/* End PBXFileReference section */

/* Begin PBXFrameworksBuildPhase section */
		B8BF6ED427157660004D2091 /* Frameworks */ = {
			isa = PBXFrameworksBuildPhase;
			buildActionMask = 2147483647;
			files = (
			);
			runOnlyForDeploymentPostprocessing = 0;
		};
/* End PBXFrameworksBuildPhase section */

/* Begin PBXGroup section */
		B8BF6ECE27157660004D2091 = {
			isa = PBXGroup;
			children = (
				B8BF6ED927157660004D2091 /* 2.1 kako treba */,
				B8BF6ED827157660004D2091 /* Products */,
			);
			sourceTree = "<group>";
		};
		B8BF6ED827157660004D2091 /* Products */ = {
			isa = PBXGroup;
			children = (
				B8BF6ED727157660004D2091 /* 2.1 kako treba.app */,
			);
			name = Products;
			sourceTree = "<group>";
		};
		B8BF6ED927157660004D2091 /* 2.1 kako treba */ = {
			isa = PBXGroup;
			children = (
				B8BF6EDA27157660004D2091 /* AppDelegate.swift */,
				B8BF6EDC27157660004D2091 /* SceneDelegate.swift */,
				B8BF6EDE27157660004D2091 /* StoreTableViewController.swift */,
				B8BF6EF227157CFB004D2091 /* StoreResult.swift */,
				B8BF6EE027157660004D2091 /* Main.storyboard */,
				B8BF6EEE271577AD004D2091 /* StoreTableViewCell.swift */,
				B8BF6EE327157671004D2091 /* Assets.xcassets */,
				B8BF6EE527157671004D2091 /* LaunchScreen.storyboard */,
				B8BF6EE827157671004D2091 /* Info.plist */,
			);
			path = "2.1 kako treba";
			sourceTree = "<group>";
		};
/* End PBXGroup section */

/* Begin PBXNativeTarget section */
		B8BF6ED627157660004D2091 /* 2.1 kako treba */ = {
			isa = PBXNativeTarget;
			buildConfigurationList = B8BF6EEB27157671004D2091 /* Build configuration list for PBXNativeTarget "2.1 kako treba" */;
			buildPhases = (
				B8BF6ED327157660004D2091 /* Sources */,
				B8BF6ED427157660004D2091 /* Frameworks */,
				B8BF6ED527157660004D2091 /* Resources */,
			);
			buildRules = (
			);
			dependencies = (
			);
			name = "2.1 kako treba";
			productName = "2.1 kako treba";
			productReference = B8BF6ED727157660004D2091 /* 2.1 kako treba.app */;
			productType = "com.apple.product-type.application";
		};
/* End PBXNativeTarget section */

/* Begin PBXProject section */
		B8BF6ECF27157660004D2091 /* Project object */ = {
			isa = PBXProject;
			attributes = {
				BuildIndependentTargetsInParallel = 1;
				LastSwiftUpdateCheck = 1300;
				LastUpgradeCheck = 1300;
				TargetAttributes = {
					B8BF6ED627157660004D2091 = {
						CreatedOnToolsVersion = 13.0;
					};
				};
			};
			buildConfigurationList = B8BF6ED227157660004D2091 /* Build configuration list for PBXProject "2.1 kako treba" */;
			compatibilityVersion = "Xcode 13.0";
			developmentRegion = en;
			hasScannedForEncodings = 0;
			knownRegions = (
				en,
				Base,
			);
			mainGroup = B8BF6ECE27157660004D2091;
			productRefGroup = B8BF6ED827157660004D2091 /* Products */;
			projectDirPath = "";
			projectRoot = "";
			targets = (
				B8BF6ED627157660004D2091 /* 2.1 kako treba */,
			);
		};
/* End PBXProject section */

/* Begin PBXResourcesBuildPhase section */
		B8BF6ED527157660004D2091 /* Resources */ = {
			isa = PBXResourcesBuildPhase;
			buildActionMask = 2147483647;
			files = (
				B8BF6EE727157671004D2091 /* LaunchScreen.storyboard in Resources */,
				B8BF6EE427157671004D2091 /* Assets.xcassets in Resources */,
				B8BF6EE227157660004D2091 /* Main.storyboard in Resources */,
			);
			runOnlyForDeploymentPostprocessing = 0;
		};
/* End PBXResourcesBuildPhase section */

/* Begin PBXSourcesBuildPhase section */
		B8BF6ED327157660004D2091 /* Sources */ = {
			isa = PBXSourcesBuildPhase;
			buildActionMask = 2147483647;
			files = (
				B8BF6EDF27157660004D2091 /* StoreTableViewController.swift in Sources */,
				B8BF6EF327157CFB004D2091 /* StoreResult.swift in Sources */,
				B8BF6EDB27157660004D2091 /* AppDelegate.swift in Sources */,
				B8BF6EDD27157660004D2091 /* SceneDelegate.swift in Sources */,
				B8BF6EEF271577AD004D2091 /* StoreTableViewCell.swift in Sources */,
			);
			runOnlyForDeploymentPostprocessing = 0;
		};
/* End PBXSourcesBuildPhase section */

/* Begin PBXVariantGroup section */
		B8BF6EE027157660004D2091 /* Main.storyboard */ = {
			isa = PBXVariantGroup;
			children = (
				B8BF6EE127157660004D2091 /* Base */,
			);
			name = Main.storyboard;
			sourceTree = "<group>";
		};
		B8BF6EE527157671004D2091 /* LaunchScreen.storyboard */ = {
			isa = PBXVariantGroup;
			children = (
				B8BF6EE627157671004D2091 /* Base */,
			);
			name = LaunchScreen.storyboard;
			sourceTree = "<group>";
		};
/* End PBXVariantGroup section */

/* Begin XCBuildConfiguration section */
		B8BF6EE927157671004D2091 /* Debug */ = {
			isa = XCBuildConfiguration;
			buildSettings = {
				ALWAYS_SEARCH_USER_PATHS = NO;
				CLANG_ANALYZER_NONNULL = YES;
				CLANG_ANALYZER_NUMBER_OBJECT_CONVERSION = YES_AGGRESSIVE;
				CLANG_CXX_LANGUAGE_STANDARD = "gnu++17";
				CLANG_CXX_LIBRARY = "libc++";
				CLANG_ENABLE_MODULES = YES;
				CLANG_ENABLE_OBJC_ARC = YES;
				CLANG_ENABLE_OBJC_WEAK = YES;
				CLANG_WARN_BLOCK_CAPTURE_AUTORELEASING = YES;
				CLANG_WARN_BOOL_CONVERSION = YES;
				CLANG_WARN_COMMA = YES;
				CLANG_WARN_CONSTANT_CONVERSION = YES;
				CLANG_WARN_DEPRECATED_OBJC_IMPLEMENTATIONS = YES;
				CLANG_WARN_DIRECT_OBJC_ISA_USAGE = YES_ERROR;
				CLANG_WARN_DOCUMENTATION_COMMENTS = YES;
				CLANG_WARN_EMPTY_BODY = YES;
				CLANG_WARN_ENUM_CONVERSION = YES;
				CLANG_WARN_INFINITE_RECURSION = YES;
				CLANG_WARN_INT_CONVERSION = YES;
				CLANG_WARN_NON_LITERAL_NULL_CONVERSION = YES;
				CLANG_WARN_OBJC_IMPLICIT_RETAIN_SELF = YES;
				CLANG_WARN_OBJC_LITERAL_CONVERSION = YES;
				CLANG_WARN_OBJC_ROOT_CLASS = YES_ERROR;
				CLANG_WARN_QUOTED_INCLUDE_IN_FRAMEWORK_HEADER = YES;
				CLANG_WARN_RANGE_LOOP_ANALYSIS = YES;
				CLANG_WARN_STRICT_PROTOTYPES = YES;
				CLANG_WARN_SUSPICIOUS_MOVE = YES;
				CLANG_WARN_UNGUARDED_AVAILABILITY = YES_AGGRESSIVE;
				CLANG_WARN_UNREACHABLE_CODE = YES;
				CLANG_WARN__DUPLICATE_METHOD_MATCH = YES;
				COPY_PHASE_STRIP = NO;
				DEBUG_INFORMATION_FORMAT = dwarf;
				ENABLE_STRICT_OBJC_MSGSEND = YES;
				ENABLE_TESTABILITY = YES;
				GCC_C_LANGUAGE_STANDARD = gnu11;
				GCC_DYNAMIC_NO_PIC = NO;
				GCC_NO_COMMON_BLOCKS = YES;
				GCC_OPTIMIZATION_LEVEL = 0;
				GCC_PREPROCESSOR_DEFINITIONS = (
					"DEBUG=1",
					"$(inherited)",
				);
				GCC_WARN_64_TO_32_BIT_CONVERSION = YES;
				GCC_WARN_ABOUT_RETURN_TYPE = YES_ERROR;
				GCC_WARN_UNDECLARED_SELECTOR = YES;
				GCC_WARN_UNINITIALIZED_AUTOS = YES_AGGRESSIVE;
				GCC_WARN_UNUSED_FUNCTION = YES;
				GCC_WARN_UNUSED_VARIABLE = YES;
				IPHONEOS_DEPLOYMENT_TARGET = 15.0;
				MTL_ENABLE_DEBUG_INFO = INCLUDE_SOURCE;
				MTL_FAST_MATH = YES;
				ONLY_ACTIVE_ARCH = YES;
				SDKROOT = iphoneos;
				SWIFT_ACTIVE_COMPILATION_CONDITIONS = DEBUG;
				SWIFT_OPTIMIZATION_LEVEL = "-Onone";
			};
			name = Debug;
		};
		B8BF6EEA27157671004D2091 /* Release */ = {
			isa = XCBuildConfiguration;
			buildSettings = {
				ALWAYS_SEARCH_USER_PATHS = NO;
				CLANG_ANALYZER_NONNULL = YES;
				CLANG_ANALYZER_NUMBER_OBJECT_CONVERSION = YES_AGGRESSIVE;
				CLANG_CXX_LANGUAGE_STANDARD = "gnu++17";
				CLANG_CXX_LIBRARY = "libc++";
				CLANG_ENABLE_MODULES = YES;
				CLANG_ENABLE_OBJC_ARC = YES;
				CLANG_ENABLE_OBJC_WEAK = YES;
				CLANG_WARN_BLOCK_CAPTURE_AUTORELEASING = YES;
				CLANG_WARN_BOOL_CONVERSION = YES;
				CLANG_WARN_COMMA = YES;
				CLANG_WARN_CONSTANT_CONVERSION = YES;
				CLANG_WARN_DEPRECATED_OBJC_IMPLEMENTATIONS = YES;
				CLANG_WARN_DIRECT_OBJC_ISA_USAGE = YES_ERROR;
				CLANG_WARN_DOCUMENTATION_COMMENTS = YES;
				CLANG_WARN_EMPTY_BODY = YES;
				CLANG_WARN_ENUM_CONVERSION = YES;
				CLANG_WARN_INFINITE_RECURSION = YES;
				CLANG_WARN_INT_CONVERSION = YES;
				CLANG_WARN_NON_LITERAL_NULL_CONVERSION = YES;
				CLANG_WARN_OBJC_IMPLICIT_RETAIN_SELF = YES;
				CLANG_WARN_OBJC_LITERAL_CONVERSION = YES;
				CLANG_WARN_OBJC_ROOT_CLASS = YES_ERROR;
				CLANG_WARN_QUOTED_INCLUDE_IN_FRAMEWORK_HEADER = YES;
				CLANG_WARN_RANGE_LOOP_ANALYSIS = YES;
				CLANG_WARN_STRICT_PROTOTYPES = YES;
				CLANG_WARN_SUSPICIOUS_MOVE = YES;
				CLANG_WARN_UNGUARDED_AVAILABILITY = YES_AGGRESSIVE;
				CLANG_WARN_UNREACHABLE_CODE = YES;
				CLANG_WARN__DUPLICATE_METHOD_MATCH = YES;
				COPY_PHASE_STRIP = NO;
				DEBUG_INFORMATION_FORMAT = "dwarf-with-dsym";
				ENABLE_NS_ASSERTIONS = NO;
				ENABLE_STRICT_OBJC_MSGSEND = YES;
				GCC_C_LANGUAGE_STANDARD = gnu11;
				GCC_NO_COMMON_BLOCKS = YES;
				GCC_WARN_64_TO_32_BIT_CONVERSION = YES;
				GCC_WARN_ABOUT_RETURN_TYPE = YES_ERROR;
				GCC_WARN_UNDECLARED_SELECTOR = YES;
				GCC_WARN_UNINITIALIZED_AUTOS = YES_AGGRESSIVE;
				GCC_WARN_UNUSED_FUNCTION = YES;
				GCC_WARN_UNUSED_VARIABLE = YES;
				IPHONEOS_DEPLOYMENT_TARGET = 15.0;
				MTL_ENABLE_DEBUG_INFO = NO;
				MTL_FAST_MATH = YES;
				SDKROOT = iphoneos;
				SWIFT_COMPILATION_MODE = wholemodule;
				SWIFT_OPTIMIZATION_LEVEL = "-O";
				VALIDATE_PRODUCT = YES;
			};
			name = Release;
		};
		B8BF6EEC27157671004D2091 /* Debug */ = {
			isa = XCBuildConfiguration;
			buildSettings = {
				ASSETCATALOG_COMPILER_APPICON_NAME = AppIcon;
				ASSETCATALOG_COMPILER_GLOBAL_ACCENT_COLOR_NAME = AccentColor;
				CODE_SIGN_STYLE = Automatic;
				CURRENT_PROJECT_VERSION = 1;
				DEVELOPMENT_TEAM = 8L3XM94ZAX;
				GENERATE_INFOPLIST_FILE = YES;
				INFOPLIST_FILE = "2.1 kako treba/Info.plist";
				INFOPLIST_KEY_UIApplicationSupportsIndirectInputEvents = YES;
				INFOPLIST_KEY_UILaunchStoryboardName = LaunchScreen;
				INFOPLIST_KEY_UIMainStoryboardFile = Main;
				INFOPLIST_KEY_UISupportedInterfaceOrientations_iPad = "UIInterfaceOrientationPortrait UIInterfaceOrientationPortraitUpsideDown UIInterfaceOrientationLandscapeLeft UIInterfaceOrientationLandscapeRight";
				INFOPLIST_KEY_UISupportedInterfaceOrientations_iPhone = "UIInterfaceOrientationPortrait UIInterfaceOrientationLandscapeLeft UIInterfaceOrientationLandscapeRight";
				LD_RUNPATH_SEARCH_PATHS = (
					"$(inherited)",
					"@executable_path/Frameworks",
				);
				MARKETING_VERSION = 1.0;
				PRODUCT_BUNDLE_IDENTIFIER = "com.vucjanac.--1-kako-treba";
				PRODUCT_NAME = "$(TARGET_NAME)";
				SWIFT_EMIT_LOC_STRINGS = YES;
				SWIFT_VERSION = 5.0;
				TARGETED_DEVICE_FAMILY = "1,2";
			};
			name = Debug;
		};
		B8BF6EED27157671004D2091 /* Release */ = {
			isa = XCBuildConfiguration;
			buildSettings = {
				ASSETCATALOG_COMPILER_APPICON_NAME = AppIcon;
				ASSETCATALOG_COMPILER_GLOBAL_ACCENT_COLOR_NAME = AccentColor;
				CODE_SIGN_STYLE = Automatic;
				CURRENT_PROJECT_VERSION = 1;
				DEVELOPMENT_TEAM = 8L3XM94ZAX;
				GENERATE_INFOPLIST_FILE = YES;
				INFOPLIST_FILE = "2.1 kako treba/Info.plist";
				INFOPLIST_KEY_UIApplicationSupportsIndirectInputEvents = YES;
				INFOPLIST_KEY_UILaunchStoryboardName = LaunchScreen;
				INFOPLIST_KEY_UIMainStoryboardFile = Main;
				INFOPLIST_KEY_UISupportedInterfaceOrientations_iPad = "UIInterfaceOrientationPortrait UIInterfaceOrientationPortraitUpsideDown UIInterfaceOrientationLandscapeLeft UIInterfaceOrientationLandscapeRight";
				INFOPLIST_KEY_UISupportedInterfaceOrientations_iPhone = "UIInterfaceOrientationPortrait UIInterfaceOrientationLandscapeLeft UIInterfaceOrientationLandscapeRight";
				LD_RUNPATH_SEARCH_PATHS = (
					"$(inherited)",
					"@executable_path/Frameworks",
				);
				MARKETING_VERSION = 1.0;
				PRODUCT_BUNDLE_IDENTIFIER = "com.vucjanac.--1-kako-treba";
				PRODUCT_NAME = "$(TARGET_NAME)";
				SWIFT_EMIT_LOC_STRINGS = YES;
				SWIFT_VERSION = 5.0;
				TARGETED_DEVICE_FAMILY = "1,2";
			};
			name = Release;
		};
/* End XCBuildConfiguration section */

/* Begin XCConfigurationList section */
		B8BF6ED227157660004D2091 /* Build configuration list for PBXProject "2.1 kako treba" */ = {
			isa = XCConfigurationList;
			buildConfigurations = (
				B8BF6EE927157671004D2091 /* Debug */,
				B8BF6EEA27157671004D2091 /* Release */,
			);
			defaultConfigurationIsVisible = 0;
			defaultConfigurationName = Release;
		};
		B8BF6EEB27157671004D2091 /* Build configuration list for PBXNativeTarget "2.1 kako treba" */ = {
			isa = XCConfigurationList;
			buildConfigurations = (
				B8BF6EEC27157671004D2091 /* Debug */,
				B8BF6EED27157671004D2091 /* Release */,
			);
			defaultConfigurationIsVisible = 0;
			defaultConfigurationName = Release;
		};
/* End XCConfigurationList section */
	};
	rootObject = B8BF6ECF27157660004D2091 /* Project object */;
}
